// !$*UTF8*$!
{
	archiveVersion = 1;
	classes = {
	};
	objectVersion = 56;
	objects = {

/* Begin PBXBuildFile section */
		6216CD6C2B04D51C002249F0 /* NextViewController.swift in Sources */ = {isa = PBXBuildFile; fileRef = 6216CD6B2B04D51C002249F0 /* NextViewController.swift */; };
		6245B2502B0CF71000FA7B89 /* CustomCollectionCell.swift in Sources */ = {isa = PBXBuildFile; fileRef = 6245B24F2B0CF71000FA7B89 /* CustomCollectionCell.swift */; };
		6245B2522B0CFDB500FA7B89 /* ImageViewController.swift in Sources */ = {isa = PBXBuildFile; fileRef = 6245B2512B0CFDB500FA7B89 /* ImageViewController.swift */; };
		6245B2542B0D127900FA7B89 /* Constants.swift in Sources */ = {isa = PBXBuildFile; fileRef = 6245B2532B0D127900FA7B89 /* Constants.swift */; };
		6268FBD42B0CA3F200254EB4 /* CustomButton.swift in Sources */ = {isa = PBXBuildFile; fileRef = 6268FBD32B0CA3F200254EB4 /* CustomButton.swift */; };
		6268FBD62B0CA5DD00254EB4 /* CollectionViewController.swift in Sources */ = {isa = PBXBuildFile; fileRef = 6268FBD52B0CA5DD00254EB4 /* CollectionViewController.swift */; };
		6268FBD82B0CA60000254EB4 /* TableViewController.swift in Sources */ = {isa = PBXBuildFile; fileRef = 6268FBD72B0CA60000254EB4 /* TableViewController.swift */; };
		6268FBDA2B0CA7A300254EB4 /* CustomLabel.swift in Sources */ = {isa = PBXBuildFile; fileRef = 6268FBD92B0CA7A300254EB4 /* CustomLabel.swift */; };
		6268FBDC2B0CA87500254EB4 /* CustomTableCell.swift in Sources */ = {isa = PBXBuildFile; fileRef = 6268FBDB2B0CA87500254EB4 /* CustomTableCell.swift */; };
		6277C5B42B049EC300D9FB82 /* AppDelegate.swift in Sources */ = {isa = PBXBuildFile; fileRef = 6277C5B32B049EC300D9FB82 /* AppDelegate.swift */; };
		6277C5B62B049EC300D9FB82 /* SceneDelegate.swift in Sources */ = {isa = PBXBuildFile; fileRef = 6277C5B52B049EC300D9FB82 /* SceneDelegate.swift */; };
		6277C5B82B049EC300D9FB82 /* ViewController.swift in Sources */ = {isa = PBXBuildFile; fileRef = 6277C5B72B049EC300D9FB82 /* ViewController.swift */; };
		6277C5BB2B049EC300D9FB82 /* Main.storyboard in Resources */ = {isa = PBXBuildFile; fileRef = 6277C5B92B049EC300D9FB82 /* Main.storyboard */; };
		6277C5BD2B049EC400D9FB82 /* Assets.xcassets in Resources */ = {isa = PBXBuildFile; fileRef = 6277C5BC2B049EC400D9FB82 /* Assets.xcassets */; };
		6277C5C02B049EC400D9FB82 /* LaunchScreen.storyboard in Resources */ = {isa = PBXBuildFile; fileRef = 6277C5BE2B049EC400D9FB82 /* LaunchScreen.storyboard */; };
		627FE8DA2B11FD9200035219 /* NetworkService.swift in Sources */ = {isa = PBXBuildFile; fileRef = 627FE8D92B11FD9200035219 /* NetworkService.swift */; };
		627FE8EA2B12296300035219 /* NewsCodable.swift in Sources */ = {isa = PBXBuildFile; fileRef = 627FE8E62B12296300035219 /* NewsCodable.swift */; };
		627FE8EB2B12296300035219 /* PlacesCodable.swift in Sources */ = {isa = PBXBuildFile; fileRef = 627FE8E72B12296300035219 /* PlacesCodable.swift */; };
		627FE8EC2B12296300035219 /* MoviesCodable.swift in Sources */ = {isa = PBXBuildFile; fileRef = 627FE8E82B12296300035219 /* MoviesCodable.swift */; };
		627FE8ED2B12296300035219 /* City.swift in Sources */ = {isa = PBXBuildFile; fileRef = 627FE8E92B12296300035219 /* City.swift */; };
		627FE8F12B1234A900035219 /* DogCodable.swift in Sources */ = {isa = PBXBuildFile; fileRef = 627FE8F02B1234A900035219 /* DogCodable.swift */; };
		627FE8F32B1238D900035219 /* UIImageView+Extensions.swift in Sources */ = {isa = PBXBuildFile; fileRef = 627FE8F22B1238D900035219 /* UIImageView+Extensions.swift */; };
/* End PBXBuildFile section */

/* Begin PBXFileReference section */
		6216CD6B2B04D51C002249F0 /* NextViewController.swift */ = {isa = PBXFileReference; lastKnownFileType = sourcecode.swift; path = NextViewController.swift; sourceTree = "<group>"; };
		6245B24F2B0CF71000FA7B89 /* CustomCollectionCell.swift */ = {isa = PBXFileReference; lastKnownFileType = sourcecode.swift; path = CustomCollectionCell.swift; sourceTree = "<group>"; };
		6245B2512B0CFDB500FA7B89 /* ImageViewController.swift */ = {isa = PBXFileReference; lastKnownFileType = sourcecode.swift; path = ImageViewController.swift; sourceTree = "<group>"; };
		6245B2532B0D127900FA7B89 /* Constants.swift */ = {isa = PBXFileReference; lastKnownFileType = sourcecode.swift; path = Constants.swift; sourceTree = "<group>"; };
		6268FBD32B0CA3F200254EB4 /* CustomButton.swift */ = {isa = PBXFileReference; lastKnownFileType = sourcecode.swift; path = CustomButton.swift; sourceTree = "<group>"; };
		6268FBD52B0CA5DD00254EB4 /* CollectionViewController.swift */ = {isa = PBXFileReference; lastKnownFileType = sourcecode.swift; path = CollectionViewController.swift; sourceTree = "<group>"; };
		6268FBD72B0CA60000254EB4 /* TableViewController.swift */ = {isa = PBXFileReference; lastKnownFileType = sourcecode.swift; path = TableViewController.swift; sourceTree = "<group>"; };
		6268FBD92B0CA7A300254EB4 /* CustomLabel.swift */ = {isa = PBXFileReference; lastKnownFileType = sourcecode.swift; path = CustomLabel.swift; sourceTree = "<group>"; };
		6268FBDB2B0CA87500254EB4 /* CustomTableCell.swift */ = {isa = PBXFileReference; lastKnownFileType = sourcecode.swift; path = CustomTableCell.swift; sourceTree = "<group>"; };
		6277C5B02B049EC300D9FB82 /* Cities.app */ = {isa = PBXFileReference; explicitFileType = wrapper.application; includeInIndex = 0; path = Cities.app; sourceTree = BUILT_PRODUCTS_DIR; };
		6277C5B32B049EC300D9FB82 /* AppDelegate.swift */ = {isa = PBXFileReference; lastKnownFileType = sourcecode.swift; path = AppDelegate.swift; sourceTree = "<group>"; };
		6277C5B52B049EC300D9FB82 /* SceneDelegate.swift */ = {isa = PBXFileReference; lastKnownFileType = sourcecode.swift; path = SceneDelegate.swift; sourceTree = "<group>"; };
		6277C5B72B049EC300D9FB82 /* ViewController.swift */ = {isa = PBXFileReference; lastKnownFileType = sourcecode.swift; path = ViewController.swift; sourceTree = "<group>"; };
		6277C5BA2B049EC300D9FB82 /* Base */ = {isa = PBXFileReference; lastKnownFileType = file.storyboard; name = Base; path = Base.lproj/Main.storyboard; sourceTree = "<group>"; };
		6277C5BC2B049EC400D9FB82 /* Assets.xcassets */ = {isa = PBXFileReference; lastKnownFileType = folder.assetcatalog; path = Assets.xcassets; sourceTree = "<group>"; };
		6277C5BF2B049EC400D9FB82 /* Base */ = {isa = PBXFileReference; lastKnownFileType = file.storyboard; name = Base; path = Base.lproj/LaunchScreen.storyboard; sourceTree = "<group>"; };
		6277C5C12B049EC400D9FB82 /* Info.plist */ = {isa = PBXFileReference; lastKnownFileType = text.plist.xml; path = Info.plist; sourceTree = "<group>"; };
		627FE8D92B11FD9200035219 /* NetworkService.swift */ = {isa = PBXFileReference; lastKnownFileType = sourcecode.swift; path = NetworkService.swift; sourceTree = "<group>"; };
		627FE8E62B12296300035219 /* NewsCodable.swift */ = {isa = PBXFileReference; fileEncoding = 4; lastKnownFileType = sourcecode.swift; path = NewsCodable.swift; sourceTree = "<group>"; };
		627FE8E72B12296300035219 /* PlacesCodable.swift */ = {isa = PBXFileReference; fileEncoding = 4; lastKnownFileType = sourcecode.swift; path = PlacesCodable.swift; sourceTree = "<group>"; };
		627FE8E82B12296300035219 /* MoviesCodable.swift */ = {isa = PBXFileReference; fileEncoding = 4; lastKnownFileType = sourcecode.swift; path = MoviesCodable.swift; sourceTree = "<group>"; };
		627FE8E92B12296300035219 /* City.swift */ = {isa = PBXFileReference; fileEncoding = 4; lastKnownFileType = sourcecode.swift; path = City.swift; sourceTree = "<group>"; };
		627FE8F02B1234A900035219 /* DogCodable.swift */ = {isa = PBXFileReference; lastKnownFileType = sourcecode.swift; path = DogCodable.swift; sourceTree = "<group>"; };
		627FE8F22B1238D900035219 /* UIImageView+Extensions.swift */ = {isa = PBXFileReference; lastKnownFileType = sourcecode.swift; path = "UIImageView+Extensions.swift"; sourceTree = "<group>"; };
/* End PBXFileReference section */

/* Begin PBXFrameworksBuildPhase section */
		6277C5AD2B049EC300D9FB82 /* Frameworks */ = {
			isa = PBXFrameworksBuildPhase;
			buildActionMask = 2147483647;
			files = (
			);
			runOnlyForDeploymentPostprocessing = 0;
		};
/* End PBXFrameworksBuildPhase section */

/* Begin PBXGroup section */
		6277C5A72B049EC300D9FB82 = {
			isa = PBXGroup;
			children = (
				6277C5B22B049EC300D9FB82 /* Cities */,
				6277C5B12B049EC300D9FB82 /* Products */,
			);
			sourceTree = "<group>";
		};
		6277C5B12B049EC300D9FB82 /* Products */ = {
			isa = PBXGroup;
			children = (
				6277C5B02B049EC300D9FB82 /* Cities.app */,
			);
			name = Products;
			sourceTree = "<group>";
		};
		6277C5B22B049EC300D9FB82 /* Cities */ = {
			isa = PBXGroup;
			children = (
				6277C5B32B049EC300D9FB82 /* AppDelegate.swift */,
				6277C5B52B049EC300D9FB82 /* SceneDelegate.swift */,
				6277C5B72B049EC300D9FB82 /* ViewController.swift */,
				6216CD6B2B04D51C002249F0 /* NextViewController.swift */,
				6268FBD32B0CA3F200254EB4 /* CustomButton.swift */,
				6268FBD92B0CA7A300254EB4 /* CustomLabel.swift */,
				6277C5B92B049EC300D9FB82 /* Main.storyboard */,
				6277C5BC2B049EC400D9FB82 /* Assets.xcassets */,
				6277C5BE2B049EC400D9FB82 /* LaunchScreen.storyboard */,
				6277C5C12B049EC400D9FB82 /* Info.plist */,
				6268FBDB2B0CA87500254EB4 /* CustomTableCell.swift */,
				6268FBD72B0CA60000254EB4 /* TableViewController.swift */,
				6245B24F2B0CF71000FA7B89 /* CustomCollectionCell.swift */,
				6268FBD52B0CA5DD00254EB4 /* CollectionViewController.swift */,
				6245B2512B0CFDB500FA7B89 /* ImageViewController.swift */,
				627FE8F22B1238D900035219 /* UIImageView+Extensions.swift */,
				6245B2532B0D127900FA7B89 /* Constants.swift */,
				627FE8D92B11FD9200035219 /* NetworkService.swift */,
				627FE8EF2B12298B00035219 /* Models */,
				627FE8E12B12248200035219 /* Models */,
			);
			path = Cities;
			sourceTree = "<group>";
		};
		627FE8E12B12248200035219 /* Models */ = {
			isa = PBXGroup;
			children = (
			);
			path = Models;
			sourceTree = "<group>";
		};
		627FE8EF2B12298B00035219 /* Models */ = {
			isa = PBXGroup;
			children = (
				627FE8E92B12296300035219 /* City.swift */,
				627FE8F02B1234A900035219 /* DogCodable.swift */,
				627FE8E82B12296300035219 /* MoviesCodable.swift */,
				627FE8E62B12296300035219 /* NewsCodable.swift */,
				627FE8E72B12296300035219 /* PlacesCodable.swift */,
			);
			path = Models;
			sourceTree = "<group>";
		};
/* End PBXGroup section */

/* Begin PBXNativeTarget section */
		6277C5AF2B049EC300D9FB82 /* Cities */ = {
			isa = PBXNativeTarget;
			buildConfigurationList = 6277C5C42B049EC400D9FB82 /* Build configuration list for PBXNativeTarget "Cities" */;
			buildPhases = (
				6277C5AC2B049EC300D9FB82 /* Sources */,
				6277C5AD2B049EC300D9FB82 /* Frameworks */,
				6277C5AE2B049EC300D9FB82 /* Resources */,
			);
			buildRules = (
			);
			dependencies = (
			);
			name = Cities;
			productName = Cities;
			productReference = 6277C5B02B049EC300D9FB82 /* Cities.app */;
			productType = "com.apple.product-type.application";
		};
/* End PBXNativeTarget section */

/* Begin PBXProject section */
		6277C5A82B049EC300D9FB82 /* Project object */ = {
			isa = PBXProject;
			attributes = {
				BuildIndependentTargetsInParallel = 1;
				LastSwiftUpdateCheck = 1500;
				LastUpgradeCheck = 1500;
				TargetAttributes = {
					6277C5AF2B049EC300D9FB82 = {
						CreatedOnToolsVersion = 15.0;
					};
				};
			};
			buildConfigurationList = 6277C5AB2B049EC300D9FB82 /* Build configuration list for PBXProject "Cities" */;
			compatibilityVersion = "Xcode 14.0";
			developmentRegion = en;
			hasScannedForEncodings = 0;
			knownRegions = (
				en,
				Base,
			);
			mainGroup = 6277C5A72B049EC300D9FB82;
			productRefGroup = 6277C5B12B049EC300D9FB82 /* Products */;
			projectDirPath = "";
			projectRoot = "";
			targets = (
				6277C5AF2B049EC300D9FB82 /* Cities */,
			);
		};
/* End PBXProject section */

/* Begin PBXResourcesBuildPhase section */
		6277C5AE2B049EC300D9FB82 /* Resources */ = {
			isa = PBXResourcesBuildPhase;
			buildActionMask = 2147483647;
			files = (
				6277C5C02B049EC400D9FB82 /* LaunchScreen.storyboard in Resources */,
				6277C5BD2B049EC400D9FB82 /* Assets.xcassets in Resources */,
				6277C5BB2B049EC300D9FB82 /* Main.storyboard in Resources */,
			);
			runOnlyForDeploymentPostprocessing = 0;
		};
/* End PBXResourcesBuildPhase section */

/* Begin PBXSourcesBuildPhase section */
		6277C5AC2B049EC300D9FB82 /* Sources */ = {
			isa = PBXSourcesBuildPhase;
			buildActionMask = 2147483647;
			files = (
				6268FBD62B0CA5DD00254EB4 /* CollectionViewController.swift in Sources */,
				6268FBD82B0CA60000254EB4 /* TableViewController.swift in Sources */,
				6268FBDC2B0CA87500254EB4 /* CustomTableCell.swift in Sources */,
				6277C5B82B049EC300D9FB82 /* ViewController.swift in Sources */,
				6277C5B42B049EC300D9FB82 /* AppDelegate.swift in Sources */,
				6277C5B62B049EC300D9FB82 /* SceneDelegate.swift in Sources */,
				6245B2502B0CF71000FA7B89 /* CustomCollectionCell.swift in Sources */,
				627FE8EB2B12296300035219 /* PlacesCodable.swift in Sources */,
				6216CD6C2B04D51C002249F0 /* NextViewController.swift in Sources */,
				627FE8ED2B12296300035219 /* City.swift in Sources */,
				6268FBD42B0CA3F200254EB4 /* CustomButton.swift in Sources */,
				627FE8F32B1238D900035219 /* UIImageView+Extensions.swift in Sources */,
				627FE8EA2B12296300035219 /* NewsCodable.swift in Sources */,
				627FE8EC2B12296300035219 /* MoviesCodable.swift in Sources */,
				6245B2522B0CFDB500FA7B89 /* ImageViewController.swift in Sources */,
				6268FBDA2B0CA7A300254EB4 /* CustomLabel.swift in Sources */,
				627FE8DA2B11FD9200035219 /* NetworkService.swift in Sources */,
				6245B2542B0D127900FA7B89 /* Constants.swift in Sources */,
				627FE8F12B1234A900035219 /* DogCodable.swift in Sources */,
			);
			runOnlyForDeploymentPostprocessing = 0;
		};
/* End PBXSourcesBuildPhase section */

/* Begin PBXVariantGroup section */
		6277C5B92B049EC300D9FB82 /* Main.storyboard */ = {
			isa = PBXVariantGroup;
			children = (
				6277C5BA2B049EC300D9FB82 /* Base */,
			);
			name = Main.storyboard;
			sourceTree = "<group>";
		};
		6277C5BE2B049EC400D9FB82 /* LaunchScreen.storyboard */ = {
			isa = PBXVariantGroup;
			children = (
				6277C5BF2B049EC400D9FB82 /* Base */,
			);
			name = LaunchScreen.storyboard;
			sourceTree = "<group>";
		};
/* End PBXVariantGroup section */

/* Begin XCBuildConfiguration section */
		6277C5C22B049EC400D9FB82 /* Debug */ = {
			isa = XCBuildConfiguration;
			buildSettings = {
				ALWAYS_SEARCH_USER_PATHS = NO;
				ASSETCATALOG_COMPILER_GENERATE_SWIFT_ASSET_SYMBOL_EXTENSIONS = YES;
				CLANG_ANALYZER_NONNULL = YES;
				CLANG_ANALYZER_NUMBER_OBJECT_CONVERSION = YES_AGGRESSIVE;
				CLANG_CXX_LANGUAGE_STANDARD = "gnu++20";
				CLANG_ENABLE_MODULES = YES;
				CLANG_ENABLE_OBJC_ARC = YES;
				CLANG_ENABLE_OBJC_WEAK = YES;
				CLANG_WARN_BLOCK_CAPTURE_AUTORELEASING = YES;
				CLANG_WARN_BOOL_CONVERSION = YES;
				CLANG_WARN_COMMA = YES;
				CLANG_WARN_CONSTANT_CONVERSION = YES;
				CLANG_WARN_DEPRECATED_OBJC_IMPLEMENTATIONS = YES;
				CLANG_WARN_DIRECT_OBJC_ISA_USAGE = YES_ERROR;
				CLANG_WARN_DOCUMENTATION_COMMENTS = YES;
				CLANG_WARN_EMPTY_BODY = YES;
				CLANG_WARN_ENUM_CONVERSION = YES;
				CLANG_WARN_INFINITE_RECURSION = YES;
				CLANG_WARN_INT_CONVERSION = YES;
				CLANG_WARN_NON_LITERAL_NULL_CONVERSION = YES;
				CLANG_WARN_OBJC_IMPLICIT_RETAIN_SELF = YES;
				CLANG_WARN_OBJC_LITERAL_CONVERSION = YES;
				CLANG_WARN_OBJC_ROOT_CLASS = YES_ERROR;
				CLANG_WARN_QUOTED_INCLUDE_IN_FRAMEWORK_HEADER = YES;
				CLANG_WARN_RANGE_LOOP_ANALYSIS = YES;
				CLANG_WARN_STRICT_PROTOTYPES = YES;
				CLANG_WARN_SUSPICIOUS_MOVE = YES;
				CLANG_WARN_UNGUARDED_AVAILABILITY = YES_AGGRESSIVE;
				CLANG_WARN_UNREACHABLE_CODE = YES;
				CLANG_WARN__DUPLICATE_METHOD_MATCH = YES;
				COPY_PHASE_STRIP = NO;
				DEBUG_INFORMATION_FORMAT = dwarf;
				ENABLE_STRICT_OBJC_MSGSEND = YES;
				ENABLE_TESTABILITY = YES;
				ENABLE_USER_SCRIPT_SANDBOXING = YES;
				GCC_C_LANGUAGE_STANDARD = gnu17;
				GCC_DYNAMIC_NO_PIC = NO;
				GCC_NO_COMMON_BLOCKS = YES;
				GCC_OPTIMIZATION_LEVEL = 0;
				GCC_PREPROCESSOR_DEFINITIONS = (
					"DEBUG=1",
					"$(inherited)",
				);
				GCC_WARN_64_TO_32_BIT_CONVERSION = YES;
				GCC_WARN_ABOUT_RETURN_TYPE = YES_ERROR;
				GCC_WARN_UNDECLARED_SELECTOR = YES;
				GCC_WARN_UNINITIALIZED_AUTOS = YES_AGGRESSIVE;
				GCC_WARN_UNUSED_FUNCTION = YES;
				GCC_WARN_UNUSED_VARIABLE = YES;
				IPHONEOS_DEPLOYMENT_TARGET = 17.0;
				LOCALIZATION_PREFERS_STRING_CATALOGS = YES;
				MTL_ENABLE_DEBUG_INFO = INCLUDE_SOURCE;
				MTL_FAST_MATH = YES;
				ONLY_ACTIVE_ARCH = YES;
				SDKROOT = iphoneos;
				SWIFT_ACTIVE_COMPILATION_CONDITIONS = "DEBUG $(inherited)";
				SWIFT_OPTIMIZATION_LEVEL = "-Onone";
			};
			name = Debug;
		};
		6277C5C32B049EC400D9FB82 /* Release */ = {
			isa = XCBuildConfiguration;
			buildSettings = {
				ALWAYS_SEARCH_USER_PATHS = NO;
				ASSETCATALOG_COMPILER_GENERATE_SWIFT_ASSET_SYMBOL_EXTENSIONS = YES;
				CLANG_ANALYZER_NONNULL = YES;
				CLANG_ANALYZER_NUMBER_OBJECT_CONVERSION = YES_AGGRESSIVE;
				CLANG_CXX_LANGUAGE_STANDARD = "gnu++20";
				CLANG_ENABLE_MODULES = YES;
				CLANG_ENABLE_OBJC_ARC = YES;
				CLANG_ENABLE_OBJC_WEAK = YES;
				CLANG_WARN_BLOCK_CAPTURE_AUTORELEASING = YES;
				CLANG_WARN_BOOL_CONVERSION = YES;
				CLANG_WARN_COMMA = YES;
				CLANG_WARN_CONSTANT_CONVERSION = YES;
				CLANG_WARN_DEPRECATED_OBJC_IMPLEMENTATIONS = YES;
				CLANG_WARN_DIRECT_OBJC_ISA_USAGE = YES_ERROR;
				CLANG_WARN_DOCUMENTATION_COMMENTS = YES;
				CLANG_WARN_EMPTY_BODY = YES;
				CLANG_WARN_ENUM_CONVERSION = YES;
				CLANG_WARN_INFINITE_RECURSION = YES;
				CLANG_WARN_INT_CONVERSION = YES;
				CLANG_WARN_NON_LITERAL_NULL_CONVERSION = YES;
				CLANG_WARN_OBJC_IMPLICIT_RETAIN_SELF = YES;
				CLANG_WARN_OBJC_LITERAL_CONVERSION = YES;
				CLANG_WARN_OBJC_ROOT_CLASS = YES_ERROR;
				CLANG_WARN_QUOTED_INCLUDE_IN_FRAMEWORK_HEADER = YES;
				CLANG_WARN_RANGE_LOOP_ANALYSIS = YES;
				CLANG_WARN_STRICT_PROTOTYPES = YES;
				CLANG_WARN_SUSPICIOUS_MOVE = YES;
				CLANG_WARN_UNGUARDED_AVAILABILITY = YES_AGGRESSIVE;
				CLANG_WARN_UNREACHABLE_CODE = YES;
				CLANG_WARN__DUPLICATE_METHOD_MATCH = YES;
				COPY_PHASE_STRIP = NO;
				DEBUG_INFORMATION_FORMAT = "dwarf-with-dsym";
				ENABLE_NS_ASSERTIONS = NO;
				ENABLE_STRICT_OBJC_MSGSEND = YES;
				ENABLE_USER_SCRIPT_SANDBOXING = YES;
				GCC_C_LANGUAGE_STANDARD = gnu17;
				GCC_NO_COMMON_BLOCKS = YES;
				GCC_WARN_64_TO_32_BIT_CONVERSION = YES;
				GCC_WARN_ABOUT_RETURN_TYPE = YES_ERROR;
				GCC_WARN_UNDECLARED_SELECTOR = YES;
				GCC_WARN_UNINITIALIZED_AUTOS = YES_AGGRESSIVE;
				GCC_WARN_UNUSED_FUNCTION = YES;
				GCC_WARN_UNUSED_VARIABLE = YES;
				IPHONEOS_DEPLOYMENT_TARGET = 17.0;
				LOCALIZATION_PREFERS_STRING_CATALOGS = YES;
				MTL_ENABLE_DEBUG_INFO = NO;
				MTL_FAST_MATH = YES;
				SDKROOT = iphoneos;
				SWIFT_COMPILATION_MODE = wholemodule;
				VALIDATE_PRODUCT = YES;
			};
			name = Release;
		};
		6277C5C52B049EC400D9FB82 /* Debug */ = {
			isa = XCBuildConfiguration;
			buildSettings = {
				ASSETCATALOG_COMPILER_APPICON_NAME = AppIcon;
				ASSETCATALOG_COMPILER_GLOBAL_ACCENT_COLOR_NAME = AccentColor;
				CODE_SIGN_STYLE = Automatic;
				CURRENT_PROJECT_VERSION = 1;
				DEVELOPMENT_TEAM = G8Q855R4YD;
				GENERATE_INFOPLIST_FILE = YES;
				INFOPLIST_FILE = Cities/Info.plist;
				INFOPLIST_KEY_UIApplicationSupportsIndirectInputEvents = YES;
				INFOPLIST_KEY_UILaunchStoryboardName = LaunchScreen;
				INFOPLIST_KEY_UISupportedInterfaceOrientations_iPad = "UIInterfaceOrientationPortrait UIInterfaceOrientationPortraitUpsideDown UIInterfaceOrientationLandscapeLeft UIInterfaceOrientationLandscapeRight";
				INFOPLIST_KEY_UISupportedInterfaceOrientations_iPhone = "UIInterfaceOrientationPortrait UIInterfaceOrientationLandscapeLeft UIInterfaceOrientationLandscapeRight";
				LD_RUNPATH_SEARCH_PATHS = (
					"$(inherited)",
					"@executable_path/Frameworks",
				);
				MARKETING_VERSION = 1.0;
				PRODUCT_BUNDLE_IDENTIFIER = test.Cities;
				PRODUCT_NAME = "$(TARGET_NAME)";
				SWIFT_EMIT_LOC_STRINGS = YES;
				SWIFT_VERSION = 5.0;
				TARGETED_DEVICE_FAMILY = "1,2";
			};
			name = Debug;
		};
		6277C5C62B049EC400D9FB82 /* Release */ = {
			isa = XCBuildConfiguration;
			buildSettings = {
				ASSETCATALOG_COMPILER_APPICON_NAME = AppIcon;
				ASSETCATALOG_COMPILER_GLOBAL_ACCENT_COLOR_NAME = AccentColor;
				CODE_SIGN_STYLE = Automatic;
				CURRENT_PROJECT_VERSION = 1;
				DEVELOPMENT_TEAM = G8Q855R4YD;
				GENERATE_INFOPLIST_FILE = YES;
				INFOPLIST_FILE = Cities/Info.plist;
				INFOPLIST_KEY_UIApplicationSupportsIndirectInputEvents = YES;
				INFOPLIST_KEY_UILaunchStoryboardName = LaunchScreen;
				INFOPLIST_KEY_UISupportedInterfaceOrientations_iPad = "UIInterfaceOrientationPortrait UIInterfaceOrientationPortraitUpsideDown UIInterfaceOrientationLandscapeLeft UIInterfaceOrientationLandscapeRight";
				INFOPLIST_KEY_UISupportedInterfaceOrientations_iPhone = "UIInterfaceOrientationPortrait UIInterfaceOrientationLandscapeLeft UIInterfaceOrientationLandscapeRight";
				LD_RUNPATH_SEARCH_PATHS = (
					"$(inherited)",
					"@executable_path/Frameworks",
				);
				MARKETING_VERSION = 1.0;
				PRODUCT_BUNDLE_IDENTIFIER = test.Cities;
				PRODUCT_NAME = "$(TARGET_NAME)";
				SWIFT_EMIT_LOC_STRINGS = YES;
				SWIFT_VERSION = 5.0;
				TARGETED_DEVICE_FAMILY = "1,2";
			};
			name = Release;
		};
/* End XCBuildConfiguration section */

/* Begin XCConfigurationList section */
		6277C5AB2B049EC300D9FB82 /* Build configuration list for PBXProject "Cities" */ = {
			isa = XCConfigurationList;
			buildConfigurations = (
				6277C5C22B049EC400D9FB82 /* Debug */,
				6277C5C32B049EC400D9FB82 /* Release */,
			);
			defaultConfigurationIsVisible = 0;
			defaultConfigurationName = Release;
		};
		6277C5C42B049EC400D9FB82 /* Build configuration list for PBXNativeTarget "Cities" */ = {
			isa = XCConfigurationList;
			buildConfigurations = (
				6277C5C52B049EC400D9FB82 /* Debug */,
				6277C5C62B049EC400D9FB82 /* Release */,
			);
			defaultConfigurationIsVisible = 0;
			defaultConfigurationName = Release;
		};
/* End XCConfigurationList section */
	};
	rootObject = 6277C5A82B049EC300D9FB82 /* Project object */;
}
